
Microsoft Visual Studio Solution File, Format Version 12.00
# Visual Studio Version 16
VisualStudioVersion = 16.0.31515.178
MinimumVisualStudioVersion = 10.0.40219.1
Project("{FAE04EC0-301F-11D3-BF4B-00C04F79EFBC}") = "Preschool_Server", "Preschool_Server\Preschool_Server.csproj", "{873F9EB5-190A-4836-8FD8-8FF2F44B10B4}"
EndProject
Project("{FAE04EC0-301F-11D3-BF4B-00C04F79EFBC}") = "Preschool_Client", "Preschool_Client\Preschool_Client.csproj", "{AAD47168-7B84-4774-B880-7E3F655D41C5}"
EndProject
Global
	GlobalSection(SolutionConfigurationPlatforms) = preSolution
		Debug|Any CPU = Debug|Any CPU
		Release|Any CPU = Release|Any CPU
	EndGlobalSection
	GlobalSection(ProjectConfigurationPlatforms) = postSolution
		{873F9EB5-190A-4836-8FD8-8FF2F44B10B4}.Debug|Any CPU.ActiveCfg = Debug|Any CPU
		{873F9EB5-190A-4836-8FD8-8FF2F44B10B4}.Debug|Any CPU.Build.0 = Debug|Any CPU
		{873F9EB5-190A-4836-8FD8-8FF2F44B10B4}.Release|Any CPU.ActiveCfg = Release|Any CPU
		{873F9EB5-190A-4836-8FD8-8FF2F44B10B4}.Release|Any CPU.Build.0 = Release|Any CPU
		{AAD47168-7B84-4774-B880-7E3F655D41C5}.Debug|Any CPU.ActiveCfg = Debug|Any CPU
		{AAD47168-7B84-4774-B880-7E3F655D41C5}.Debug|Any CPU.Build.0 = Debug|Any CPU
		{AAD47168-7B84-4774-B880-7E3F655D41C5}.Release|Any CPU.ActiveCfg = Release|Any CPU
		{AAD47168-7B84-4774-B880-7E3F655D41C5}.Release|Any CPU.Build.0 = Release|Any CPU
	EndGlobalSection
	GlobalSection(SolutionProperties) = preSolution
		HideSolutionNode = FALSE
	EndGlobalSection
	GlobalSection(ExtensibilityGlobals) = postSolution
		SolutionGuid = {35297984-F41F-4928-BF25-EF64A959D03C}
	EndGlobalSection
EndGlobal
